
Microsoft Visual Studio Solution File, Format Version 12.00
# Visual Studio Version 16
VisualStudioVersion = 16.0.29306.81
MinimumVisualStudioVersion = 10.0.40219.1
Project("{FAE04EC0-301F-11D3-BF4B-00C04F79EFBC}") = "HRRepeatedString", "HRRepeatedString\HRRepeatedString.csproj", "{BEA64103-B086-4A69-93C2-7FCED8A791B6}"
EndProject
Project("{FAE04EC0-301F-11D3-BF4B-00C04F79EFBC}") = "UsingMath", "UsingMath\UsingMath.csproj", "{9A73D778-BF1C-49DC-B2D3-1C8B55227E1A}"
EndProject
Project("{FAE04EC0-301F-11D3-BF4B-00C04F79EFBC}") = "HRBorrowedSolution", "HRBorrowedSolution\HRBorrowedSolution.csproj", "{473AEB4B-9BA3-4951-9577-119B9283AF73}"
EndProject
Global
	GlobalSection(SolutionConfigurationPlatforms) = preSolution
		Debug|Any CPU = Debug|Any CPU
		Release|Any CPU = Release|Any CPU
	EndGlobalSection
	GlobalSection(ProjectConfigurationPlatforms) = postSolution
		{BEA64103-B086-4A69-93C2-7FCED8A791B6}.Debug|Any CPU.ActiveCfg = Debug|Any CPU
		{BEA64103-B086-4A69-93C2-7FCED8A791B6}.Debug|Any CPU.Build.0 = Debug|Any CPU
		{BEA64103-B086-4A69-93C2-7FCED8A791B6}.Release|Any CPU.ActiveCfg = Release|Any CPU
		{BEA64103-B086-4A69-93C2-7FCED8A791B6}.Release|Any CPU.Build.0 = Release|Any CPU
		{9A73D778-BF1C-49DC-B2D3-1C8B55227E1A}.Debug|Any CPU.ActiveCfg = Debug|Any CPU
		{9A73D778-BF1C-49DC-B2D3-1C8B55227E1A}.Debug|Any CPU.Build.0 = Debug|Any CPU
		{9A73D778-BF1C-49DC-B2D3-1C8B55227E1A}.Release|Any CPU.ActiveCfg = Release|Any CPU
		{9A73D778-BF1C-49DC-B2D3-1C8B55227E1A}.Release|Any CPU.Build.0 = Release|Any CPU
		{473AEB4B-9BA3-4951-9577-119B9283AF73}.Debug|Any CPU.ActiveCfg = Debug|Any CPU
		{473AEB4B-9BA3-4951-9577-119B9283AF73}.Debug|Any CPU.Build.0 = Debug|Any CPU
		{473AEB4B-9BA3-4951-9577-119B9283AF73}.Release|Any CPU.ActiveCfg = Release|Any CPU
		{473AEB4B-9BA3-4951-9577-119B9283AF73}.Release|Any CPU.Build.0 = Release|Any CPU
	EndGlobalSection
	GlobalSection(SolutionProperties) = preSolution
		HideSolutionNode = FALSE
	EndGlobalSection
	GlobalSection(ExtensibilityGlobals) = postSolution
		SolutionGuid = {2B1432CC-D9A5-464A-B812-434C7E84C8F1}
	EndGlobalSection
EndGlobal
